
Microsoft Visual Studio Solution File, Format Version 12.00
# Visual Studio Version 16
VisualStudioVersion = 16.0.30611.23
MinimumVisualStudioVersion = 10.0.40219.1
Project("{FAE04EC0-301F-11D3-BF4B-00C04F79EFBC}") = "MinimalFetch", "MinimalFetch\MinimalFetch.csproj", "{DB42CA2B-1420-4287-913C-A249C6E10079}"
EndProject
Global
	GlobalSection(SolutionConfigurationPlatforms) = preSolution
		Debug|Any CPU = Debug|Any CPU
		Release|Any CPU = Release|Any CPU
	EndGlobalSection
	GlobalSection(ProjectConfigurationPlatforms) = postSolution
		{DB42CA2B-1420-4287-913C-A249C6E10079}.Debug|Any CPU.ActiveCfg = Debug|Any CPU
		{DB42CA2B-1420-4287-913C-A249C6E10079}.Debug|Any CPU.Build.0 = Debug|Any CPU
		{DB42CA2B-1420-4287-913C-A249C6E10079}.Release|Any CPU.ActiveCfg = Release|Any CPU
		{DB42CA2B-1420-4287-913C-A249C6E10079}.Release|Any CPU.Build.0 = Release|Any CPU
	EndGlobalSection
	GlobalSection(SolutionProperties) = preSolution
		HideSolutionNode = FALSE
	EndGlobalSection
	GlobalSection(ExtensibilityGlobals) = postSolution
		SolutionGuid = {14899D76-133A-43BA-A030-35B74FF5B2DD}
	EndGlobalSection
EndGlobal
